<?xml version="1.0" encoding="utf-8"?>
<Project ToolsVersion="4.0" xmlns="http://schemas.microsoft.com/developer/msbuild/2003">
  <ItemGroup>
    <ClCompile Include="src\SolAR2DTransform.cpp">
      <Filter>src</Filter>
    </ClCompile>
    <ClCompile Include="src\SolAR3DTransform.cpp">
      <Filter>src</Filter>
    </ClCompile>
    <ClCompile Include="src\SolARHomographyValidation.cpp">
      <Filter>src</Filter>
    </ClCompile>
    <ClCompile Include="src\SolARImage2WorldMapper4Marker2D.cpp">
      <Filter>src</Filter>
    </ClCompile>
    <ClCompile Include="src\SolARKeypointsReIndexer.cpp">
      <Filter>src</Filter>
    </ClCompile>
    <ClCompile Include="src\SolARModuleManagerTools.cpp">
      <Filter>src</Filter>
    </ClCompile>
    <ClCompile Include="src\SolARModuleTools.cpp">
      <Filter>src</Filter>
    </ClCompile>
    <ClCompile Include="src\SolARSBPatternReIndexer.cpp">
      <Filter>src</Filter>
    </ClCompile>
  </ItemGroup>
  <ItemGroup>
    <Filter Include="src">
      <UniqueIdentifier>{8b460e83-0ec9-401d-bef3-7bcc8294f447}</UniqueIdentifier>
    </Filter>
    <Filter Include="interfaces">
      <UniqueIdentifier>{f7a34e2e-2abb-41e1-902a-f49419cef40e}</UniqueIdentifier>
    </Filter>
  </ItemGroup>
  <ItemGroup>
    <ClInclude Include="interfaces\SolAR2DTransform.h">
      <Filter>interfaces</Filter>
    </ClInclude>
    <ClInclude Include="interfaces\SolAR3DTransform.h">
      <Filter>interfaces</Filter>
    </ClInclude>
    <ClInclude Include="interfaces\SolARHomographyValidation.h">
      <Filter>interfaces</Filter>
    </ClInclude>
    <ClInclude Include="interfaces\SolARImage2WorldMapper4Marker2D.h">
      <Filter>interfaces</Filter>
    </ClInclude>
    <ClInclude Include="interfaces\SolARKeypointsReIndexer.h">
      <Filter>interfaces</Filter>
    </ClInclude>
    <ClInclude Include="interfaces\SolARModuleManagerTools.h">
      <Filter>interfaces</Filter>
    </ClInclude>
    <ClInclude Include="interfaces\SolARSBPatternReIndexer.h">
      <Filter>interfaces</Filter>
    </ClInclude>
    <ClInclude Include="interfaces\SolARToolsAPI.h">
      <Filter>interfaces</Filter>
    </ClInclude>
  </ItemGroup>
</Project>